
Microsoft Visual Studio Solution File, Format Version 12.00
# Visual Studio Version 17
VisualStudioVersion = 17.11.35219.272
MinimumVisualStudioVersion = 10.0.40219.1
Project("{FAE04EC0-301F-11D3-BF4B-00C04F79EFBC}") = "NhtLesson07", "NhtLesson07.csproj", "{3EB4A742-2DD2-4CF5-984E-27891ADA1D66}"
EndProject
Global
	GlobalSection(SolutionConfigurationPlatforms) = preSolution
		Debug|Any CPU = Debug|Any CPU
		Release|Any CPU = Release|Any CPU
	EndGlobalSection
	GlobalSection(ProjectConfigurationPlatforms) = postSolution
		{3EB4A742-2DD2-4CF5-984E-27891ADA1D66}.Debug|Any CPU.ActiveCfg = Debug|Any CPU
		{3EB4A742-2DD2-4CF5-984E-27891ADA1D66}.Debug|Any CPU.Build.0 = Debug|Any CPU
		{3EB4A742-2DD2-4CF5-984E-27891ADA1D66}.Release|Any CPU.ActiveCfg = Release|Any CPU
		{3EB4A742-2DD2-4CF5-984E-27891ADA1D66}.Release|Any CPU.Build.0 = Release|Any CPU
	EndGlobalSection
	GlobalSection(SolutionProperties) = preSolution
		HideSolutionNode = FALSE
	EndGlobalSection
	GlobalSection(ExtensibilityGlobals) = postSolution
		SolutionGuid = {E4BE0DDA-B421-42F5-AB6D-8B1631666157}
	EndGlobalSection
EndGlobal
